Microsoft Visual Studio Solution File, Format Version 12.00
# Visual Studio Version 16
VisualStudioVersion = 16.0.0.0
MinimumVisualStudioVersion = 16.0.0.0
Project("{9A19103F-16F7-4668-BE54-9A1E7A4F7556}") = "YOUR_PROJECT.Server", "Server\YOUR_PROJECT.Server.csproj", "{C70B1969-ABCE-4D67-BCE8-212674D29737}"
EndProject
Project("{9A19103F-16F7-4668-BE54-9A1E7A4F7556}") = "YOUR_PROJECT.Client", "Client\YOUR_PROJECT.Client.csproj", "{C130CF31-FDA4-4798-A274-E5E181B41747}"
EndProject
Project("{9A19103F-16F7-4668-BE54-9A1E7A4F7556}") = "YOUR_PROJECT.Shared", "Shared\YOUR_PROJECT.Shared.csproj", "{631537DE-61D3-4771-81AE-99679C2D8AD5}"
EndProject
Project("{FAE04EC0-301F-11D3-BF4B-00C04F79EFBC}") = "YOUR_PROJECT.EF", "EF\YOUR_PROJECT.EF.csproj", "{3488C94C-2D26-4319-AC27-F4D3915A7B23}"
EndProject
Global
	GlobalSection(SolutionConfigurationPlatforms) = preSolution
		Debug|Any CPU = Debug|Any CPU
		Debug|x64 = Debug|x64
		Debug|x86 = Debug|x86
		Release|Any CPU = Release|Any CPU
		Release|x64 = Release|x64
		Release|x86 = Release|x86
	EndGlobalSection
	GlobalSection(ProjectConfigurationPlatforms) = postSolution
		{C70B1969-ABCE-4D67-BCE8-212674D29737}.Debug|Any CPU.ActiveCfg = Debug|Any CPU
		{C70B1969-ABCE-4D67-BCE8-212674D29737}.Debug|Any CPU.Build.0 = Debug|Any CPU
		{C70B1969-ABCE-4D67-BCE8-212674D29737}.Debug|x64.ActiveCfg = Debug|Any CPU
		{C70B1969-ABCE-4D67-BCE8-212674D29737}.Debug|x64.Build.0 = Debug|Any CPU
		{C70B1969-ABCE-4D67-BCE8-212674D29737}.Debug|x86.ActiveCfg = Debug|Any CPU
		{C70B1969-ABCE-4D67-BCE8-212674D29737}.Debug|x86.Build.0 = Debug|Any CPU
		{C70B1969-ABCE-4D67-BCE8-212674D29737}.Release|Any CPU.ActiveCfg = Release|Any CPU
		{C70B1969-ABCE-4D67-BCE8-212674D29737}.Release|Any CPU.Build.0 = Release|Any CPU
		{C70B1969-ABCE-4D67-BCE8-212674D29737}.Release|x64.ActiveCfg = Release|Any CPU
		{C70B1969-ABCE-4D67-BCE8-212674D29737}.Release|x64.Build.0 = Release|Any CPU
		{C70B1969-ABCE-4D67-BCE8-212674D29737}.Release|x86.ActiveCfg = Release|Any CPU
		{C70B1969-ABCE-4D67-BCE8-212674D29737}.Release|x86.Build.0 = Release|Any CPU
		{C130CF31-FDA4-4798-A274-E5E181B41747}.Debug|Any CPU.ActiveCfg = Debug|Any CPU
		{C130CF31-FDA4-4798-A274-E5E181B41747}.Debug|Any CPU.Build.0 = Debug|Any CPU
		{C130CF31-FDA4-4798-A274-E5E181B41747}.Debug|x64.ActiveCfg = Debug|Any CPU
		{C130CF31-FDA4-4798-A274-E5E181B41747}.Debug|x64.Build.0 = Debug|Any CPU
		{C130CF31-FDA4-4798-A274-E5E181B41747}.Debug|x86.ActiveCfg = Debug|Any CPU
		{C130CF31-FDA4-4798-A274-E5E181B41747}.Debug|x86.Build.0 = Debug|Any CPU
		{C130CF31-FDA4-4798-A274-E5E181B41747}.Release|Any CPU.ActiveCfg = Release|Any CPU
		{C130CF31-FDA4-4798-A274-E5E181B41747}.Release|Any CPU.Build.0 = Release|Any CPU
		{C130CF31-FDA4-4798-A274-E5E181B41747}.Release|x64.ActiveCfg = Release|Any CPU
		{C130CF31-FDA4-4798-A274-E5E181B41747}.Release|x64.Build.0 = Release|Any CPU
		{C130CF31-FDA4-4798-A274-E5E181B41747}.Release|x86.ActiveCfg = Release|Any CPU
		{C130CF31-FDA4-4798-A274-E5E181B41747}.Release|x86.Build.0 = Release|Any CPU
		{631537DE-61D3-4771-81AE-99679C2D8AD5}.Debug|Any CPU.ActiveCfg = Debug|Any CPU
		{631537DE-61D3-4771-81AE-99679C2D8AD5}.Debug|Any CPU.Build.0 = Debug|Any CPU
		{631537DE-61D3-4771-81AE-99679C2D8AD5}.Debug|x64.ActiveCfg = Debug|Any CPU
		{631537DE-61D3-4771-81AE-99679C2D8AD5}.Debug|x64.Build.0 = Debug|Any CPU
		{631537DE-61D3-4771-81AE-99679C2D8AD5}.Debug|x86.ActiveCfg = Debug|Any CPU
		{631537DE-61D3-4771-81AE-99679C2D8AD5}.Debug|x86.Build.0 = Debug|Any CPU
		{631537DE-61D3-4771-81AE-99679C2D8AD5}.Release|Any CPU.ActiveCfg = Release|Any CPU
		{631537DE-61D3-4771-81AE-99679C2D8AD5}.Release|Any CPU.Build.0 = Release|Any CPU
		{631537DE-61D3-4771-81AE-99679C2D8AD5}.Release|x64.ActiveCfg = Release|Any CPU
		{631537DE-61D3-4771-81AE-99679C2D8AD5}.Release|x64.Build.0 = Release|Any CPU
		{631537DE-61D3-4771-81AE-99679C2D8AD5}.Release|x86.ActiveCfg = Release|Any CPU
		{631537DE-61D3-4771-81AE-99679C2D8AD5}.Release|x86.Build.0 = Release|Any CPU
		{3488C94C-2D26-4319-AC27-F4D3915A7B23}.Debug|Any CPU.ActiveCfg = Debug|Any CPU
		{3488C94C-2D26-4319-AC27-F4D3915A7B23}.Debug|Any CPU.Build.0 = Debug|Any CPU
		{3488C94C-2D26-4319-AC27-F4D3915A7B23}.Debug|x64.ActiveCfg = Debug|Any CPU
		{3488C94C-2D26-4319-AC27-F4D3915A7B23}.Debug|x64.Build.0 = Debug|Any CPU
		{3488C94C-2D26-4319-AC27-F4D3915A7B23}.Debug|x86.ActiveCfg = Debug|Any CPU
		{3488C94C-2D26-4319-AC27-F4D3915A7B23}.Debug|x86.Build.0 = Debug|Any CPU
		{3488C94C-2D26-4319-AC27-F4D3915A7B23}.Release|Any CPU.ActiveCfg = Release|Any CPU
		{3488C94C-2D26-4319-AC27-F4D3915A7B23}.Release|Any CPU.Build.0 = Release|Any CPU
		{3488C94C-2D26-4319-AC27-F4D3915A7B23}.Release|x64.ActiveCfg = Release|Any CPU
		{3488C94C-2D26-4319-AC27-F4D3915A7B23}.Release|x64.Build.0 = Release|Any CPU
		{3488C94C-2D26-4319-AC27-F4D3915A7B23}.Release|x86.ActiveCfg = Release|Any CPU
		{3488C94C-2D26-4319-AC27-F4D3915A7B23}.Release|x86.Build.0 = Release|Any CPU
	EndGlobalSection
	GlobalSection(SolutionProperties) = preSolution
		HideSolutionNode = FALSE
	EndGlobalSection
	GlobalSection(ExtensibilityGlobals) = postSolution
		SolutionGuid = {FAAB79F8-530C-4072-B2A4-5E4EC576CB9B}
	EndGlobalSection
EndGlobal
